
Microsoft Visual Studio Solution File, Format Version 12.00
# Visual Studio Version 16
VisualStudioVersion = 16.0.30804.86
MinimumVisualStudioVersion = 10.0.40219.1
Project("{FAE04EC0-301F-11D3-BF4B-00C04F79EFBC}") = "BeeldHerkening1", "BeeldHerkening1\BeeldHerkening1.csproj", "{8438FAF6-D3D6-43D9-B5F7-8B1A753A671C}"
EndProject
Global
	GlobalSection(SolutionConfigurationPlatforms) = preSolution
		Debug|Any CPU = Debug|Any CPU
		Release|Any CPU = Release|Any CPU
	EndGlobalSection
	GlobalSection(ProjectConfigurationPlatforms) = postSolution
		{8438FAF6-D3D6-43D9-B5F7-8B1A753A671C}.Debug|Any CPU.ActiveCfg = Debug|Any CPU
		{8438FAF6-D3D6-43D9-B5F7-8B1A753A671C}.Debug|Any CPU.Build.0 = Debug|Any CPU
		{8438FAF6-D3D6-43D9-B5F7-8B1A753A671C}.Release|Any CPU.ActiveCfg = Release|Any CPU
		{8438FAF6-D3D6-43D9-B5F7-8B1A753A671C}.Release|Any CPU.Build.0 = Release|Any CPU
	EndGlobalSection
	GlobalSection(SolutionProperties) = preSolution
		HideSolutionNode = FALSE
	EndGlobalSection
	GlobalSection(ExtensibilityGlobals) = postSolution
		SolutionGuid = {654D3D35-9E70-4DE9-8AF3-E5CBF72AE1EB}
	EndGlobalSection
EndGlobal
